
Microsoft Visual Studio Solution File, Format Version 12.00
# Visual Studio 15
VisualStudioVersion = 15.0.27428.2043
MinimumVisualStudioVersion = 10.0.40219.1
Project("{F184B08F-C81C-45F6-A57F-5ABD9991F28F}") = "Mirror.tk Injector", "Mirror.tk Injector.vbproj", "{A282705E-2202-49BA-9E7F-E5F2CDBF3A86}"
EndProject
Global
	GlobalSection(SolutionConfigurationPlatforms) = preSolution
		Debug|x86 = Debug|x86
		Release|x86 = Release|x86
	EndGlobalSection
	GlobalSection(ProjectConfigurationPlatforms) = postSolution
		{A282705E-2202-49BA-9E7F-E5F2CDBF3A86}.Debug|x86.ActiveCfg = Debug|x86
		{A282705E-2202-49BA-9E7F-E5F2CDBF3A86}.Debug|x86.Build.0 = Debug|x86
		{A282705E-2202-49BA-9E7F-E5F2CDBF3A86}.Release|x86.ActiveCfg = Release|x86
		{A282705E-2202-49BA-9E7F-E5F2CDBF3A86}.Release|x86.Build.0 = Release|x86
	EndGlobalSection
	GlobalSection(SolutionProperties) = preSolution
		HideSolutionNode = FALSE
	EndGlobalSection
	GlobalSection(ExtensibilityGlobals) = postSolution
		SolutionGuid = {EFEA5B80-D63E-431D-B92A-A92A752373C0}
	EndGlobalSection
EndGlobal
